{
  "name": "test",
  "version": "1.0.0",
  "lockfileVersion": 1,
  "requires": true,
  "dependencies": {
    "lua-runner": {
      "version": "1.0.0",
      "resolved": "https://registry.npmjs.org/lua-runner/-/lua-runner-1.0.0.tgz",
      "integrity": "sha512-mEqk0gKvgxYol55C3pzqbBodySbWvBiIyKlG5E4mCWTYN+wojNh7a4XWj1tNKbvGE3lQEDAJrzMs6NE3UVthSg=="
    }
  }
}
